
Microsoft Visual Studio Solution File, Format Version 12.00
# Visual Studio Version 16
VisualStudioVersion = 16.0.31424.327
MinimumVisualStudioVersion = 10.0.40219.1
Project("{2150E333-8FDC-42A3-9474-1A3956D46DE8}") = "431_1", "431_1", "{DEEB929D-80B3-4F88-ACEF-14656FA8D4CE}"
EndProject
Project("{2150E333-8FDC-42A3-9474-1A3956D46DE8}") = "ТеорияКодирования", "ТеорияКодирования", "{31272BC1-9151-4265-9BE9-A0AA264EA84E}"
EndProject
Project("{2150E333-8FDC-42A3-9474-1A3956D46DE8}") = "Common", "Common", "{2EE09F56-C592-45EF-8F90-C41199D5F744}"
EndProject
Project("{9A19103F-16F7-4668-BE54-9A1E7A4F7556}") = "CodingTheory.Common", "431_1\ТеорияКодирования\CodingTheory.Common\CodingTheory.Common.csproj", "{6BD1527B-D685-41EF-8537-BF50A8BDD680}"
EndProject
Project("{2150E333-8FDC-42A3-9474-1A3956D46DE8}") = "Programs", "Programs", "{198032DE-0126-4353-BD96-8925DE23D8BA}"
EndProject
Project("{9A19103F-16F7-4668-BE54-9A1E7A4F7556}") = "CodingTheory.Programs.HaffmanCompresser", "431_1\ТеорияКодирования\Programs\CodingTheory.Programs.HaffmanCompresser\CodingTheory.Programs.HaffmanCompresser.csproj", "{AE5FBE85-9C7F-46A5-BC29-0EE04BCBEBF5}"
EndProject
Project("{9A19103F-16F7-4668-BE54-9A1E7A4F7556}") = "Common", "Common\Common\Common.csproj", "{130F2CA7-B2CB-4843-B7EF-C11D9EF970B9}"
EndProject
Project("{9A19103F-16F7-4668-BE54-9A1E7A4F7556}") = "CodingTheory.Programs.HaffmanDecompresser", "431_1\ТеорияКодирования\Programs\CodingTheory.Programs.HaffmanDecompresser\CodingTheory.Programs.HaffmanDecompresser.csproj", "{37A0C0C6-74C0-400C-B709-CEFD820040E4}"
EndProject
Project("{2150E333-8FDC-42A3-9474-1A3956D46DE8}") = "КСЗИ", "КСЗИ", "{7F7EFFCF-62D3-40CE-A449-D2A79567F5D6}"
EndProject
Project("{2150E333-8FDC-42A3-9474-1A3956D46DE8}") = "Programs", "Programs", "{886C9B94-61EA-455A-B546-D51E98E0AC27}"
EndProject
Project("{9A19103F-16F7-4668-BE54-9A1E7A4F7556}") = "СMIP.Common", "431_1\КСЗИ\Programs\СMIP.Common\СMIP.Common.csproj", "{934E5910-BDC1-4FF3-BCD7-1049EF2C2E7B}"
EndProject
Project("{9A19103F-16F7-4668-BE54-9A1E7A4F7556}") = "CMIP.Programs.Task2", "431_1\КСЗИ\Programs\CMIP.Programs.Task2\CMIP.Programs.Task2.csproj", "{577E8BBB-2FFC-45D7-807B-6346C62A5C49}"
EndProject
Project("{2150E333-8FDC-42A3-9474-1A3956D46DE8}") = "АлгоритмыАлгербыИТЧ", "АлгоритмыАлгербыИТЧ", "{ED0AD924-8898-412B-9483-62012051F3C1}"
EndProject
Project("{2150E333-8FDC-42A3-9474-1A3956D46DE8}") = "Programs", "Programs", "{A5466C84-B0A1-4DD5-8DCD-D0B866B0BF9A}"
EndProject
Project("{9A19103F-16F7-4668-BE54-9A1E7A4F7556}") = "AlgebraAlgorithmsAndNTH.Common", "431_1\АлгоритмыАлгебрыИТЧ\AlgebraAlgorithmsAndNTH.Common\AlgebraAlgorithmsAndNTH.Common.csproj", "{8E65F9D0-CF49-4DF9-B41F-555DB37F81FF}"
EndProject
Project("{9A19103F-16F7-4668-BE54-9A1E7A4F7556}") = "AlgebraAlgorithmsAndNTH.Programs.Task1", "431_1\АлгоритмыАлгебрыИТЧ\Programs\AlgebraAlgorithmsAndNTH.Programs.Task1\AlgebraAlgorithmsAndNTH.Programs.Task1.csproj", "{4E6611B2-5541-44E4-8EAD-5025B5F13229}"
EndProject
Project("{9A19103F-16F7-4668-BE54-9A1E7A4F7556}") = "AlgebraAlgorithmsAndNTH.Programs.Task2", "431_1\АлгоритмыАлгебрыИТЧ\Programs\AlgebraAlgorithmsAndNTH.Programs.Task2\AlgebraAlgorithmsAndNTH.Programs.Task2.csproj", "{8C75BD5F-2084-4F5F-B142-5896B6D3C0A7}"
EndProject
Project("{FAE04EC0-301F-11D3-BF4B-00C04F79EFBC}") = "CodingTheory.Programs.FanoCompresser", "431_1\ТеорияКодирования\Programs\CodingTheory.Programs.FanoCompresser\CodingTheory.Programs.FanoCompresser.csproj", "{A7F69A2A-DBB2-497B-A1CF-367EB41A4B37}"
EndProject
Project("{FAE04EC0-301F-11D3-BF4B-00C04F79EFBC}") = "CodingTheory.Programs.FanoDecompresser", "431_1\ТеорияКодирования\Programs\CodingTheory.Programs.FanoDecompresser\CodingTheory.Programs.FanoDecompresser.csproj", "{34C56CBA-A8B8-4AF5-B80F-321DEC7D28EA}"
EndProject
Project("{FAE04EC0-301F-11D3-BF4B-00C04F79EFBC}") = "AlgebraAlgorithmsAndNTH.Programs.Task3", "431_1\АлгоритмыАлгебрыИТЧ\Programs\AlgebraAlgorithmsAndNTH.Programs.Task3\AlgebraAlgorithmsAndNTH.Programs.Task3.csproj", "{0A5CB6A6-1313-49BC-8814-3AD6B1992193}"
EndProject
Global
	GlobalSection(SolutionConfigurationPlatforms) = preSolution
		Debug|Any CPU = Debug|Any CPU
		Release|Any CPU = Release|Any CPU
	EndGlobalSection
	GlobalSection(ProjectConfigurationPlatforms) = postSolution
		{6BD1527B-D685-41EF-8537-BF50A8BDD680}.Debug|Any CPU.ActiveCfg = Debug|Any CPU
		{6BD1527B-D685-41EF-8537-BF50A8BDD680}.Debug|Any CPU.Build.0 = Debug|Any CPU
		{6BD1527B-D685-41EF-8537-BF50A8BDD680}.Release|Any CPU.ActiveCfg = Release|Any CPU
		{6BD1527B-D685-41EF-8537-BF50A8BDD680}.Release|Any CPU.Build.0 = Release|Any CPU
		{AE5FBE85-9C7F-46A5-BC29-0EE04BCBEBF5}.Debug|Any CPU.ActiveCfg = Debug|Any CPU
		{AE5FBE85-9C7F-46A5-BC29-0EE04BCBEBF5}.Debug|Any CPU.Build.0 = Debug|Any CPU
		{AE5FBE85-9C7F-46A5-BC29-0EE04BCBEBF5}.Release|Any CPU.ActiveCfg = Release|Any CPU
		{AE5FBE85-9C7F-46A5-BC29-0EE04BCBEBF5}.Release|Any CPU.Build.0 = Release|Any CPU
		{130F2CA7-B2CB-4843-B7EF-C11D9EF970B9}.Debug|Any CPU.ActiveCfg = Debug|Any CPU
		{130F2CA7-B2CB-4843-B7EF-C11D9EF970B9}.Debug|Any CPU.Build.0 = Debug|Any CPU
		{130F2CA7-B2CB-4843-B7EF-C11D9EF970B9}.Release|Any CPU.ActiveCfg = Release|Any CPU
		{130F2CA7-B2CB-4843-B7EF-C11D9EF970B9}.Release|Any CPU.Build.0 = Release|Any CPU
		{37A0C0C6-74C0-400C-B709-CEFD820040E4}.Debug|Any CPU.ActiveCfg = Debug|Any CPU
		{37A0C0C6-74C0-400C-B709-CEFD820040E4}.Debug|Any CPU.Build.0 = Debug|Any CPU
		{37A0C0C6-74C0-400C-B709-CEFD820040E4}.Release|Any CPU.ActiveCfg = Release|Any CPU
		{37A0C0C6-74C0-400C-B709-CEFD820040E4}.Release|Any CPU.Build.0 = Release|Any CPU
		{934E5910-BDC1-4FF3-BCD7-1049EF2C2E7B}.Debug|Any CPU.ActiveCfg = Debug|Any CPU
		{934E5910-BDC1-4FF3-BCD7-1049EF2C2E7B}.Debug|Any CPU.Build.0 = Debug|Any CPU
		{934E5910-BDC1-4FF3-BCD7-1049EF2C2E7B}.Release|Any CPU.ActiveCfg = Release|Any CPU
		{934E5910-BDC1-4FF3-BCD7-1049EF2C2E7B}.Release|Any CPU.Build.0 = Release|Any CPU
		{577E8BBB-2FFC-45D7-807B-6346C62A5C49}.Debug|Any CPU.ActiveCfg = Debug|Any CPU
		{577E8BBB-2FFC-45D7-807B-6346C62A5C49}.Debug|Any CPU.Build.0 = Debug|Any CPU
		{577E8BBB-2FFC-45D7-807B-6346C62A5C49}.Release|Any CPU.ActiveCfg = Release|Any CPU
		{577E8BBB-2FFC-45D7-807B-6346C62A5C49}.Release|Any CPU.Build.0 = Release|Any CPU
		{8E65F9D0-CF49-4DF9-B41F-555DB37F81FF}.Debug|Any CPU.ActiveCfg = Debug|Any CPU
		{8E65F9D0-CF49-4DF9-B41F-555DB37F81FF}.Debug|Any CPU.Build.0 = Debug|Any CPU
		{8E65F9D0-CF49-4DF9-B41F-555DB37F81FF}.Release|Any CPU.ActiveCfg = Release|Any CPU
		{8E65F9D0-CF49-4DF9-B41F-555DB37F81FF}.Release|Any CPU.Build.0 = Release|Any CPU
		{4E6611B2-5541-44E4-8EAD-5025B5F13229}.Debug|Any CPU.ActiveCfg = Debug|Any CPU
		{4E6611B2-5541-44E4-8EAD-5025B5F13229}.Debug|Any CPU.Build.0 = Debug|Any CPU
		{4E6611B2-5541-44E4-8EAD-5025B5F13229}.Release|Any CPU.ActiveCfg = Release|Any CPU
		{4E6611B2-5541-44E4-8EAD-5025B5F13229}.Release|Any CPU.Build.0 = Release|Any CPU
		{8C75BD5F-2084-4F5F-B142-5896B6D3C0A7}.Debug|Any CPU.ActiveCfg = Debug|Any CPU
		{8C75BD5F-2084-4F5F-B142-5896B6D3C0A7}.Debug|Any CPU.Build.0 = Debug|Any CPU
		{8C75BD5F-2084-4F5F-B142-5896B6D3C0A7}.Release|Any CPU.ActiveCfg = Release|Any CPU
		{8C75BD5F-2084-4F5F-B142-5896B6D3C0A7}.Release|Any CPU.Build.0 = Release|Any CPU
		{A7F69A2A-DBB2-497B-A1CF-367EB41A4B37}.Debug|Any CPU.ActiveCfg = Debug|Any CPU
		{A7F69A2A-DBB2-497B-A1CF-367EB41A4B37}.Debug|Any CPU.Build.0 = Debug|Any CPU
		{A7F69A2A-DBB2-497B-A1CF-367EB41A4B37}.Release|Any CPU.ActiveCfg = Release|Any CPU
		{A7F69A2A-DBB2-497B-A1CF-367EB41A4B37}.Release|Any CPU.Build.0 = Release|Any CPU
		{34C56CBA-A8B8-4AF5-B80F-321DEC7D28EA}.Debug|Any CPU.ActiveCfg = Debug|Any CPU
		{34C56CBA-A8B8-4AF5-B80F-321DEC7D28EA}.Debug|Any CPU.Build.0 = Debug|Any CPU
		{34C56CBA-A8B8-4AF5-B80F-321DEC7D28EA}.Release|Any CPU.ActiveCfg = Release|Any CPU
		{34C56CBA-A8B8-4AF5-B80F-321DEC7D28EA}.Release|Any CPU.Build.0 = Release|Any CPU
		{0A5CB6A6-1313-49BC-8814-3AD6B1992193}.Debug|Any CPU.ActiveCfg = Debug|Any CPU
		{0A5CB6A6-1313-49BC-8814-3AD6B1992193}.Debug|Any CPU.Build.0 = Debug|Any CPU
		{0A5CB6A6-1313-49BC-8814-3AD6B1992193}.Release|Any CPU.ActiveCfg = Release|Any CPU
		{0A5CB6A6-1313-49BC-8814-3AD6B1992193}.Release|Any CPU.Build.0 = Release|Any CPU
	EndGlobalSection
	GlobalSection(SolutionProperties) = preSolution
		HideSolutionNode = FALSE
	EndGlobalSection
	GlobalSection(NestedProjects) = preSolution
		{31272BC1-9151-4265-9BE9-A0AA264EA84E} = {DEEB929D-80B3-4F88-ACEF-14656FA8D4CE}
		{6BD1527B-D685-41EF-8537-BF50A8BDD680} = {31272BC1-9151-4265-9BE9-A0AA264EA84E}
		{198032DE-0126-4353-BD96-8925DE23D8BA} = {31272BC1-9151-4265-9BE9-A0AA264EA84E}
		{AE5FBE85-9C7F-46A5-BC29-0EE04BCBEBF5} = {198032DE-0126-4353-BD96-8925DE23D8BA}
		{130F2CA7-B2CB-4843-B7EF-C11D9EF970B9} = {2EE09F56-C592-45EF-8F90-C41199D5F744}
		{37A0C0C6-74C0-400C-B709-CEFD820040E4} = {198032DE-0126-4353-BD96-8925DE23D8BA}
		{7F7EFFCF-62D3-40CE-A449-D2A79567F5D6} = {DEEB929D-80B3-4F88-ACEF-14656FA8D4CE}
		{886C9B94-61EA-455A-B546-D51E98E0AC27} = {7F7EFFCF-62D3-40CE-A449-D2A79567F5D6}
		{934E5910-BDC1-4FF3-BCD7-1049EF2C2E7B} = {7F7EFFCF-62D3-40CE-A449-D2A79567F5D6}
		{577E8BBB-2FFC-45D7-807B-6346C62A5C49} = {886C9B94-61EA-455A-B546-D51E98E0AC27}
		{ED0AD924-8898-412B-9483-62012051F3C1} = {DEEB929D-80B3-4F88-ACEF-14656FA8D4CE}
		{A5466C84-B0A1-4DD5-8DCD-D0B866B0BF9A} = {ED0AD924-8898-412B-9483-62012051F3C1}
		{8E65F9D0-CF49-4DF9-B41F-555DB37F81FF} = {ED0AD924-8898-412B-9483-62012051F3C1}
		{4E6611B2-5541-44E4-8EAD-5025B5F13229} = {A5466C84-B0A1-4DD5-8DCD-D0B866B0BF9A}
		{8C75BD5F-2084-4F5F-B142-5896B6D3C0A7} = {A5466C84-B0A1-4DD5-8DCD-D0B866B0BF9A}
		{A7F69A2A-DBB2-497B-A1CF-367EB41A4B37} = {198032DE-0126-4353-BD96-8925DE23D8BA}
		{34C56CBA-A8B8-4AF5-B80F-321DEC7D28EA} = {198032DE-0126-4353-BD96-8925DE23D8BA}
		{0A5CB6A6-1313-49BC-8814-3AD6B1992193} = {A5466C84-B0A1-4DD5-8DCD-D0B866B0BF9A}
	EndGlobalSection
	GlobalSection(ExtensibilityGlobals) = postSolution
		SolutionGuid = {9BECC848-CD7B-4F62-854D-3D37A6C9A994}
	EndGlobalSection
EndGlobal
