
Microsoft Visual Studio Solution File, Format Version 12.00
# Visual Studio Version 17
VisualStudioVersion = 17.1.32210.238
MinimumVisualStudioVersion = 10.0.40219.1
Project("{2150E333-8FDC-42A3-9474-1A3956D46DE8}") = "Программы", "Программы", "{F44D971A-F296-4DDA-876C-FBAB7FCF0409}"
EndProject
Project("{2150E333-8FDC-42A3-9474-1A3956D46DE8}") = "Гортинский", "Гортинский", "{033CDA61-BE90-485B-8B22-BBD007E20D7D}"
EndProject
Project("{9A19103F-16F7-4668-BE54-9A1E7A4F7556}") = "HardwareScanner", "Программы\Гортинский\HardwareScanner\HardwareScanner.csproj", "{F1E04B8B-6871-4753-953B-4378F0D616D1}"
EndProject
Project("{2150E333-8FDC-42A3-9474-1A3956D46DE8}") = "Библиотеки", "Библиотеки", "{4BD50DA1-1138-427E-A768-0CC459073188}"
EndProject
Project("{9A19103F-16F7-4668-BE54-9A1E7A4F7556}") = "Common", "..\Common\Common\Common.csproj", "{72771FD7-53C2-4938-BBB3-0EECB7377BEF}"
EndProject
Global
	GlobalSection(SolutionConfigurationPlatforms) = preSolution
		Debug|Any CPU = Debug|Any CPU
		Release|Any CPU = Release|Any CPU
	EndGlobalSection
	GlobalSection(ProjectConfigurationPlatforms) = postSolution
		{F1E04B8B-6871-4753-953B-4378F0D616D1}.Debug|Any CPU.ActiveCfg = Debug|Any CPU
		{F1E04B8B-6871-4753-953B-4378F0D616D1}.Debug|Any CPU.Build.0 = Debug|Any CPU
		{F1E04B8B-6871-4753-953B-4378F0D616D1}.Release|Any CPU.ActiveCfg = Release|Any CPU
		{F1E04B8B-6871-4753-953B-4378F0D616D1}.Release|Any CPU.Build.0 = Release|Any CPU
		{72771FD7-53C2-4938-BBB3-0EECB7377BEF}.Debug|Any CPU.ActiveCfg = Debug|Any CPU
		{72771FD7-53C2-4938-BBB3-0EECB7377BEF}.Debug|Any CPU.Build.0 = Debug|Any CPU
		{72771FD7-53C2-4938-BBB3-0EECB7377BEF}.Release|Any CPU.ActiveCfg = Release|Any CPU
		{72771FD7-53C2-4938-BBB3-0EECB7377BEF}.Release|Any CPU.Build.0 = Release|Any CPU
	EndGlobalSection
	GlobalSection(SolutionProperties) = preSolution
		HideSolutionNode = FALSE
	EndGlobalSection
	GlobalSection(NestedProjects) = preSolution
		{033CDA61-BE90-485B-8B22-BBD007E20D7D} = {F44D971A-F296-4DDA-876C-FBAB7FCF0409}
		{F1E04B8B-6871-4753-953B-4378F0D616D1} = {033CDA61-BE90-485B-8B22-BBD007E20D7D}
		{72771FD7-53C2-4938-BBB3-0EECB7377BEF} = {4BD50DA1-1138-427E-A768-0CC459073188}
	EndGlobalSection
	GlobalSection(ExtensibilityGlobals) = postSolution
		SolutionGuid = {6A0935EF-0D19-478A-A843-B0EA04D7F9CA}
	EndGlobalSection
EndGlobal
